{
  "name": "test",
  "version": "1.0.0",
  "lockfileVersion": 1,
  "requires": true,
  "dependencies": {
    "v8n": {
      "version": "1.2.3",
      "resolved": "https://registry.npmjs.org/v8n/-/v8n-1.2.3.tgz",
      "integrity": "sha512-OWhZFdNHkTkcdKZBk/VOtYIwo9TxV7NbkeI8cMI9/47UCZ1mjuDpmk89jZ5esQKFFz03hFEuYs1uj0x9KjpSIw=="
    }
  }
}
